
Microsoft Visual Studio Solution File, Format Version 12.00
# Visual Studio Version 17
VisualStudioVersion = 17.8.34511.84
MinimumVisualStudioVersion = 10.0.40219.1
Project("{9A19103F-16F7-4668-BE54-9A1E7A4F7556}") = "TCPMaid", "TCPMaid\TCPMaid.csproj", "{E59C1BD3-F53A-4162-A5A6-B3A28AC4A9C7}"
EndProject
Global
	GlobalSection(SolutionConfigurationPlatforms) = preSolution
		Debug|Any CPU = Debug|Any CPU
		Release|Any CPU = Release|Any CPU
	EndGlobalSection
	GlobalSection(ProjectConfigurationPlatforms) = postSolution
		{E59C1BD3-F53A-4162-A5A6-B3A28AC4A9C7}.Debug|Any CPU.ActiveCfg = Debug|Any CPU
		{E59C1BD3-F53A-4162-A5A6-B3A28AC4A9C7}.Debug|Any CPU.Build.0 = Debug|Any CPU
		{E59C1BD3-F53A-4162-A5A6-B3A28AC4A9C7}.Release|Any CPU.ActiveCfg = Release|Any CPU
		{E59C1BD3-F53A-4162-A5A6-B3A28AC4A9C7}.Release|Any CPU.Build.0 = Release|Any CPU
	EndGlobalSection
	GlobalSection(SolutionProperties) = preSolution
		HideSolutionNode = FALSE
	EndGlobalSection
	GlobalSection(ExtensibilityGlobals) = postSolution
		SolutionGuid = {84B8D700-A745-4EE4-B4AB-1D675271DE35}
	EndGlobalSection
EndGlobal
